// !$*UTF8*$!
{
	archiveVersion = 1;
	classes = {
	};
	objectVersion = 46;
	objects = {

/* Begin PBXBuildFile section */
		F4167F071E77BAA500AB5CBC /* main.m in Sources */ = {isa = PBXBuildFile; fileRef = F4167F061E77BAA500AB5CBC /* main.m */; };
		F4167F0A1E77BAA500AB5CBC /* AppDelegate.m in Sources */ = {isa = PBXBuildFile; fileRef = F4167F091E77BAA500AB5CBC /* AppDelegate.m */; };
		F4167F131E77BAA500AB5CBC /* first.xcdatamodeld in Sources */ = {isa = PBXBuildFile; fileRef = F4167F111E77BAA500AB5CBC /* first.xcdatamodeld */; };
		F4167F151E77BAA500AB5CBC /* Assets.xcassets in Resources */ = {isa = PBXBuildFile; fileRef = F4167F141E77BAA500AB5CBC /* Assets.xcassets */; };
		F4167F181E77BAA500AB5CBC /* LaunchScreen.storyboard in Resources */ = {isa = PBXBuildFile; fileRef = F4167F161E77BAA500AB5CBC /* LaunchScreen.storyboard */; };
		F4167F231E77BAA500AB5CBC /* firstUITests.m in Sources */ = {isa = PBXBuildFile; fileRef = F4167F221E77BAA500AB5CBC /* firstUITests.m */; };
/* End PBXBuildFile section */

/* Begin PBXContainerItemProxy section */
		F4167F1F1E77BAA500AB5CBC /* PBXContainerItemProxy */ = {
			isa = PBXContainerItemProxy;
			containerPortal = F4167EFA1E77BAA500AB5CBC /* Project object */;
			proxyType = 1;
			remoteGlobalIDString = F4167F011E77BAA500AB5CBC;
			remoteInfo = first;
		};
/* End PBXContainerItemProxy section */

/* Begin PBXFileReference section */
		F4167F021E77BAA500AB5CBC /* first.app */ = {isa = PBXFileReference; explicitFileType = wrapper.application; includeInIndex = 0; path = first.app; sourceTree = BUILT_PRODUCTS_DIR; };
		F4167F061E77BAA500AB5CBC /* main.m */ = {isa = PBXFileReference; lastKnownFileType = sourcecode.c.objc; path = main.m; sourceTree = "<group>"; };
		F4167F081E77BAA500AB5CBC /* AppDelegate.h */ = {isa = PBXFileReference; lastKnownFileType = sourcecode.c.h; path = AppDelegate.h; sourceTree = "<group>"; };
		F4167F091E77BAA500AB5CBC /* AppDelegate.m */ = {isa = PBXFileReference; lastKnownFileType = sourcecode.c.objc; path = AppDelegate.m; sourceTree = "<group>"; };
		F4167F121E77BAA500AB5CBC /* first.xcdatamodel */ = {isa = PBXFileReference; lastKnownFileType = wrapper.xcdatamodel; path = first.xcdatamodel; sourceTree = "<group>"; };
		F4167F141E77BAA500AB5CBC /* Assets.xcassets */ = {isa = PBXFileReference; lastKnownFileType = folder.assetcatalog; path = Assets.xcassets; sourceTree = "<group>"; };
		F4167F171E77BAA500AB5CBC /* Base */ = {isa = PBXFileReference; lastKnownFileType = file.storyboard; name = Base; path = Base.lproj/LaunchScreen.storyboard; sourceTree = "<group>"; };
		F4167F191E77BAA500AB5CBC /* Info.plist */ = {isa = PBXFileReference; lastKnownFileType = text.plist.xml; path = Info.plist; sourceTree = "<group>"; };
		F4167F1E1E77BAA500AB5CBC /* firstUITests.xctest */ = {isa = PBXFileReference; explicitFileType = wrapper.cfbundle; includeInIndex = 0; path = firstUITests.xctest; sourceTree = BUILT_PRODUCTS_DIR; };
		F4167F221E77BAA500AB5CBC /* firstUITests.m */ = {isa = PBXFileReference; lastKnownFileType = sourcecode.c.objc; path = firstUITests.m; sourceTree = "<group>"; };
		F4167F241E77BAA500AB5CBC /* Info.plist */ = {isa = PBXFileReference; lastKnownFileType = text.plist.xml; path = Info.plist; sourceTree = "<group>"; };
/* End PBXFileReference section */

/* Begin PBXFrameworksBuildPhase section */
		F4167EFF1E77BAA500AB5CBC /* Frameworks */ = {
			isa = PBXFrameworksBuildPhase;
			buildActionMask = 2147483647;
			files = (
			);
			runOnlyForDeploymentPostprocessing = 0;
		};
		F4167F1B1E77BAA500AB5CBC /* Frameworks */ = {
			isa = PBXFrameworksBuildPhase;
			buildActionMask = 2147483647;
			files = (
			);
			runOnlyForDeploymentPostprocessing = 0;
		};
/* End PBXFrameworksBuildPhase section */

/* Begin PBXGroup section */
		F4167EF91E77BAA500AB5CBC = {
			isa = PBXGroup;
			children = (
				F4167F041E77BAA500AB5CBC /* first */,
				F4167F211E77BAA500AB5CBC /* firstUITests */,
				F4167F031E77BAA500AB5CBC /* Products */,
			);
			sourceTree = "<group>";
		};
		F4167F031E77BAA500AB5CBC /* Products */ = {
			isa = PBXGroup;
			children = (
				F4167F021E77BAA500AB5CBC /* first.app */,
				F4167F1E1E77BAA500AB5CBC /* firstUITests.xctest */,
			);
			name = Products;
			sourceTree = "<group>";
		};
		F4167F041E77BAA500AB5CBC /* first */ = {
			isa = PBXGroup;
			children = (
				F4167F081E77BAA500AB5CBC /* AppDelegate.h */,
				F4167F091E77BAA500AB5CBC /* AppDelegate.m */,
				F4167F051E77BAA500AB5CBC /* Supporting Files */,
			);
			path = first;
			sourceTree = "<group>";
		};
		F4167F051E77BAA500AB5CBC /* Supporting Files */ = {
			isa = PBXGroup;
			children = (
				F4167F141E77BAA500AB5CBC /* Assets.xcassets */,
				F4167F161E77BAA500AB5CBC /* LaunchScreen.storyboard */,
				F4167F191E77BAA500AB5CBC /* Info.plist */,
				F4167F111E77BAA500AB5CBC /* first.xcdatamodeld */,
				F4167F061E77BAA500AB5CBC /* main.m */,
			);
			name = "Supporting Files";
			sourceTree = "<group>";
		};
		F4167F211E77BAA500AB5CBC /* firstUITests */ = {
			isa = PBXGroup;
			children = (
				F4167F221E77BAA500AB5CBC /* firstUITests.m */,
				F4167F241E77BAA500AB5CBC /* Info.plist */,
			);
			path = firstUITests;
			sourceTree = "<group>";
		};
/* End PBXGroup section */

/* Begin PBXNativeTarget section */
		F4167F011E77BAA500AB5CBC /* first */ = {
			isa = PBXNativeTarget;
			buildConfigurationList = F4167F271E77BAA500AB5CBC /* Build configuration list for PBXNativeTarget "first" */;
			buildPhases = (
				F4167EFE1E77BAA500AB5CBC /* Sources */,
				F4167EFF1E77BAA500AB5CBC /* Frameworks */,
				F4167F001E77BAA500AB5CBC /* Resources */,
			);
			buildRules = (
			);
			dependencies = (
			);
			name = first;
			productName = first;
			productReference = F4167F021E77BAA500AB5CBC /* first.app */;
			productType = "com.apple.product-type.application";
		};
		F4167F1D1E77BAA500AB5CBC /* firstUITests */ = {
			isa = PBXNativeTarget;
			buildConfigurationList = F4167F2A1E77BAA500AB5CBC /* Build configuration list for PBXNativeTarget "firstUITests" */;
			buildPhases = (
				F4167F1A1E77BAA500AB5CBC /* Sources */,
				F4167F1B1E77BAA500AB5CBC /* Frameworks */,
				F4167F1C1E77BAA500AB5CBC /* Resources */,
			);
			buildRules = (
			);
			dependencies = (
				F4167F201E77BAA500AB5CBC /* PBXTargetDependency */,
			);
			name = firstUITests;
			productName = firstUITests;
			productReference = F4167F1E1E77BAA500AB5CBC /* firstUITests.xctest */;
			productType = "com.apple.product-type.bundle.ui-testing";
		};
/* End PBXNativeTarget section */

/* Begin PBXProject section */
		F4167EFA1E77BAA500AB5CBC /* Project object */ = {
			isa = PBXProject;
			attributes = {
				LastUpgradeCheck = 0820;
				ORGANIZATIONNAME = "庆鹏王";
				TargetAttributes = {
					F4167F011E77BAA500AB5CBC = {
						CreatedOnToolsVersion = 8.2.1;
						DevelopmentTeam = MN57L5YG33;
						ProvisioningStyle = Automatic;
					};
					F4167F1D1E77BAA500AB5CBC = {
						CreatedOnToolsVersion = 8.2.1;
						DevelopmentTeam = MN57L5YG33;
						ProvisioningStyle = Automatic;
						TestTargetID = F4167F011E77BAA500AB5CBC;
					};
				};
			};
			buildConfigurationList = F4167EFD1E77BAA500AB5CBC /* Build configuration list for PBXProject "first" */;
			compatibilityVersion = "Xcode 3.2";
			developmentRegion = English;
			hasScannedForEncodings = 0;
			knownRegions = (
				en,
				Base,
			);
			mainGroup = F4167EF91E77BAA500AB5CBC;
			productRefGroup = F4167F031E77BAA500AB5CBC /* Products */;
			projectDirPath = "";
			projectRoot = "";
			targets = (
				F4167F011E77BAA500AB5CBC /* first */,
				F4167F1D1E77BAA500AB5CBC /* firstUITests */,
			);
		};
/* End PBXProject section */

/* Begin PBXResourcesBuildPhase section */
		F4167F001E77BAA500AB5CBC /* Resources */ = {
			isa = PBXResourcesBuildPhase;
			buildActionMask = 2147483647;
			files = (
				F4167F181E77BAA500AB5CBC /* LaunchScreen.storyboard in Resources */,
				F4167F151E77BAA500AB5CBC /* Assets.xcassets in Resources */,
			);
			runOnlyForDeploymentPostprocessing = 0;
		};
		F4167F1C1E77BAA500AB5CBC /* Resources */ = {
			isa = PBXResourcesBuildPhase;
			buildActionMask = 2147483647;
			files = (
			);
			runOnlyForDeploymentPostprocessing = 0;
		};
/* End PBXResourcesBuildPhase section */

/* Begin PBXSourcesBuildPhase section */
		F4167EFE1E77BAA500AB5CBC /* Sources */ = {
			isa = PBXSourcesBuildPhase;
			buildActionMask = 2147483647;
			files = (
				F4167F0A1E77BAA500AB5CBC /* AppDelegate.m in Sources */,
				F4167F131E77BAA500AB5CBC /* first.xcdatamodeld in Sources */,
				F4167F071E77BAA500AB5CBC /* main.m in Sources */,
			);
			runOnlyForDeploymentPostprocessing = 0;
		};
		F4167F1A1E77BAA500AB5CBC /* Sources */ = {
			isa = PBXSourcesBuildPhase;
			buildActionMask = 2147483647;
			files = (
				F4167F231E77BAA500AB5CBC /* firstUITests.m in Sources */,
			);
			runOnlyForDeploymentPostprocessing = 0;
		};
/* End PBXSourcesBuildPhase section */

/* Begin PBXTargetDependency section */
		F4167F201E77BAA500AB5CBC /* PBXTargetDependency */ = {
			isa = PBXTargetDependency;
			target = F4167F011E77BAA500AB5CBC /* first */;
			targetProxy = F4167F1F1E77BAA500AB5CBC /* PBXContainerItemProxy */;
		};
/* End PBXTargetDependency section */

/* Begin PBXVariantGroup section */
		F4167F161E77BAA500AB5CBC /* LaunchScreen.storyboard */ = {
			isa = PBXVariantGroup;
			children = (
				F4167F171E77BAA500AB5CBC /* Base */,
			);
			name = LaunchScreen.storyboard;
			sourceTree = "<group>";
		};
/* End PBXVariantGroup section */

/* Begin XCBuildConfiguration section */
		F4167F251E77BAA500AB5CBC /* Debug */ = {
			isa = XCBuildConfiguration;
			buildSettings = {
				ALWAYS_SEARCH_USER_PATHS = NO;
				CLANG_ANALYZER_NONNULL = YES;
				CLANG_CXX_LANGUAGE_STANDARD = "gnu++0x";
				CLANG_CXX_LIBRARY = "libc++";
				CLANG_ENABLE_MODULES = YES;
				CLANG_ENABLE_OBJC_ARC = YES;
				CLANG_WARN_BOOL_CONVERSION = YES;
				CLANG_WARN_CONSTANT_CONVERSION = YES;
				CLANG_WARN_DIRECT_OBJC_ISA_USAGE = YES_ERROR;
				CLANG_WARN_DOCUMENTATION_COMMENTS = YES;
				CLANG_WARN_EMPTY_BODY = YES;
				CLANG_WARN_ENUM_CONVERSION = YES;
				CLANG_WARN_INFINITE_RECURSION = YES;
				CLANG_WARN_INT_CONVERSION = YES;
				CLANG_WARN_OBJC_ROOT_CLASS = YES_ERROR;
				CLANG_WARN_SUSPICIOUS_MOVE = YES;
				CLANG_WARN_UNREACHABLE_CODE = YES;
				CLANG_WARN__DUPLICATE_METHOD_MATCH = YES;
				"CODE_SIGN_IDENTITY[sdk=iphoneos*]" = "iPhone Developer";
				COPY_PHASE_STRIP = NO;
				DEBUG_INFORMATION_FORMAT = dwarf;
				ENABLE_STRICT_OBJC_MSGSEND = YES;
				ENABLE_TESTABILITY = YES;
				GCC_C_LANGUAGE_STANDARD = gnu99;
				GCC_DYNAMIC_NO_PIC = NO;
				GCC_NO_COMMON_BLOCKS = YES;
				GCC_OPTIMIZATION_LEVEL = 0;
				GCC_PREPROCESSOR_DEFINITIONS = (
					"DEBUG=1",
					"$(inherited)",
				);
				GCC_WARN_64_TO_32_BIT_CONVERSION = YES;
				GCC_WARN_ABOUT_RETURN_TYPE = YES_ERROR;
				GCC_WARN_UNDECLARED_SELECTOR = YES;
				GCC_WARN_UNINITIALIZED_AUTOS = YES_AGGRESSIVE;
				GCC_WARN_UNUSED_FUNCTION = YES;
				GCC_WARN_UNUSED_VARIABLE = YES;
				IPHONEOS_DEPLOYMENT_TARGET = 10.2;
				MTL_ENABLE_DEBUG_INFO = YES;
				ONLY_ACTIVE_ARCH = YES;
				SDKROOT = iphoneos;
			};
			name = Debug;
		};
		F4167F261E77BAA500AB5CBC /* Release */ = {
			isa = XCBuildConfiguration;
			buildSettings = {
				ALWAYS_SEARCH_USER_PATHS = NO;
				CLANG_ANALYZER_NONNULL = YES;
				CLANG_CXX_LANGUAGE_STANDARD = "gnu++0x";
				CLANG_CXX_LIBRARY = "libc++";
				CLANG_ENABLE_MODULES = YES;
				CLANG_ENABLE_OBJC_ARC = YES;
				CLANG_WARN_BOOL_CONVERSION = YES;
				CLANG_WARN_CONSTANT_CONVERSION = YES;
				CLANG_WARN_DIRECT_OBJC_ISA_USAGE = YES_ERROR;
				CLANG_WARN_DOCUMENTATION_COMMENTS = YES;
				CLANG_WARN_EMPTY_BODY = YES;
				CLANG_WARN_ENUM_CONVERSION = YES;
				CLANG_WARN_INFINITE_RECURSION = YES;
				CLANG_WARN_INT_CONVERSION = YES;
				CLANG_WARN_OBJC_ROOT_CLASS = YES_ERROR;
				CLANG_WARN_SUSPICIOUS_MOVE = YES;
				CLANG_WARN_UNREACHABLE_CODE = YES;
				CLANG_WARN__DUPLICATE_METHOD_MATCH = YES;
				"CODE_SIGN_IDENTITY[sdk=iphoneos*]" = "iPhone Developer";
				COPY_PHASE_STRIP = NO;
				DEBUG_INFORMATION_FORMAT = "dwarf-with-dsym";
				ENABLE_NS_ASSERTIONS = NO;
				ENABLE_STRICT_OBJC_MSGSEND = YES;
				GCC_C_LANGUAGE_STANDARD = gnu99;
				GCC_NO_COMMON_BLOCKS = YES;
				GCC_WARN_64_TO_32_BIT_CONVERSION = YES;
				GCC_WARN_ABOUT_RETURN_TYPE = YES_ERROR;
				GCC_WARN_UNDECLARED_SELECTOR = YES;
				GCC_WARN_UNINITIALIZED_AUTOS = YES_AGGRESSIVE;
				GCC_WARN_UNUSED_FUNCTION = YES;
				GCC_WARN_UNUSED_VARIABLE = YES;
				IPHONEOS_DEPLOYMENT_TARGET = 10.2;
				MTL_ENABLE_DEBUG_INFO = NO;
				SDKROOT = iphoneos;
				VALIDATE_PRODUCT = YES;
			};
			name = Release;
		};
		F4167F281E77BAA500AB5CBC /* Debug */ = {
			isa = XCBuildConfiguration;
			buildSettings = {
				ASSETCATALOG_COMPILER_APPICON_NAME = AppIcon;
				DEVELOPMENT_TEAM = MN57L5YG33;
				INFOPLIST_FILE = first/Info.plist;
				LD_RUNPATH_SEARCH_PATHS = "$(inherited) @executable_path/Frameworks";
				PRODUCT_BUNDLE_IDENTIFIER = "---.first";
				PRODUCT_NAME = "$(TARGET_NAME)";
			};
			name = Debug;
		};
		F4167F291E77BAA500AB5CBC /* Release */ = {
			isa = XCBuildConfiguration;
			buildSettings = {
				ASSETCATALOG_COMPILER_APPICON_NAME = AppIcon;
				DEVELOPMENT_TEAM = MN57L5YG33;
				INFOPLIST_FILE = first/Info.plist;
				LD_RUNPATH_SEARCH_PATHS = "$(inherited) @executable_path/Frameworks";
				PRODUCT_BUNDLE_IDENTIFIER = "---.first";
				PRODUCT_NAME = "$(TARGET_NAME)";
			};
			name = Release;
		};
		F4167F2B1E77BAA500AB5CBC /* Debug */ = {
			isa = XCBuildConfiguration;
			buildSettings = {
				DEVELOPMENT_TEAM = MN57L5YG33;
				INFOPLIST_FILE = firstUITests/Info.plist;
				LD_RUNPATH_SEARCH_PATHS = "$(inherited) @executable_path/Frameworks @loader_path/Frameworks";
				PRODUCT_BUNDLE_IDENTIFIER = "---.firstUITests";
				PRODUCT_NAME = "$(TARGET_NAME)";
				TEST_TARGET_NAME = first;
			};
			name = Debug;
		};
		F4167F2C1E77BAA500AB5CBC /* Release */ = {
			isa = XCBuildConfiguration;
			buildSettings = {
				DEVELOPMENT_TEAM = MN57L5YG33;
				INFOPLIST_FILE = firstUITests/Info.plist;
				LD_RUNPATH_SEARCH_PATHS = "$(inherited) @executable_path/Frameworks @loader_path/Frameworks";
				PRODUCT_BUNDLE_IDENTIFIER = "---.firstUITests";
				PRODUCT_NAME = "$(TARGET_NAME)";
				TEST_TARGET_NAME = first;
			};
			name = Release;
		};
/* End XCBuildConfiguration section */

/* Begin XCConfigurationList section */
		F4167EFD1E77BAA500AB5CBC /* Build configuration list for PBXProject "first" */ = {
			isa = XCConfigurationList;
			buildConfigurations = (
				F4167F251E77BAA500AB5CBC /* Debug */,
				F4167F261E77BAA500AB5CBC /* Release */,
			);
			defaultConfigurationIsVisible = 0;
			defaultConfigurationName = Release;
		};
		F4167F271E77BAA500AB5CBC /* Build configuration list for PBXNativeTarget "first" */ = {
			isa = XCConfigurationList;
			buildConfigurations = (
				F4167F281E77BAA500AB5CBC /* Debug */,
				F4167F291E77BAA500AB5CBC /* Release */,
			);
			defaultConfigurationIsVisible = 0;
		};
		F4167F2A1E77BAA500AB5CBC /* Build configuration list for PBXNativeTarget "firstUITests" */ = {
			isa = XCConfigurationList;
			buildConfigurations = (
				F4167F2B1E77BAA500AB5CBC /* Debug */,
				F4167F2C1E77BAA500AB5CBC /* Release */,
			);
			defaultConfigurationIsVisible = 0;
		};
/* End XCConfigurationList section */

/* Begin XCVersionGroup section */
		F4167F111E77BAA500AB5CBC /* first.xcdatamodeld */ = {
			isa = XCVersionGroup;
			children = (
				F4167F121E77BAA500AB5CBC /* first.xcdatamodel */,
			);
			currentVersion = F4167F121E77BAA500AB5CBC /* first.xcdatamodel */;
			path = first.xcdatamodeld;
			sourceTree = "<group>";
			versionGroupType = wrapper.xcdatamodel;
		};
/* End XCVersionGroup section */
	};
	rootObject = F4167EFA1E77BAA500AB5CBC /* Project object */;
}
